schema: '2.0'
stages:
  load_data:
    cmd: python src/stage_01_load_and_save.py --config=params.yaml
    deps:
    - path: src/stage_01_load_and_save.py
      md5: e9d8859305d65e4901e7e4deceaee095
      size: 1212
    - path: src/utils/common_utils.py
      md5: e05893d4b846dd710b56f85ca3406e17
      size: 1221
    params:
      params.yaml:
        artifacts.raw_local_data: artifacts/raw_local_data_dir/data.csv
        data_source.s3_source: https://dvc-demo-datasets.s3.ap-south-1.amazonaws.com/winequality_data/winequality-red.csv
    outs:
    - path: artifacts/raw_local_data_dir/data.csv
      md5: 7c92f1ee593c0fbd2ad8c67ba5c446df
      size: 93599
  split_data:
    cmd: python src/stage_02_split_data.py --config=params.yaml
    deps:
    - path: artifacts/raw_local_data_dir/data.csv
      md5: 7c92f1ee593c0fbd2ad8c67ba5c446df
      size: 93599
    - path: src/stage_02_split_data.py
      md5: d20d5d9def0bd13c9cf716a81177eff4
      size: 1489
    - path: src/utils/common_utils.py
      md5: e05893d4b846dd710b56f85ca3406e17
      size: 1221
    params:
      params.yaml:
        artifacts.raw_local_data: artifacts/raw_local_data_dir/data.csv
        artifacts.split_data.processed_data_dir: artifacts/processed_data
        artifacts.split_data.test_path: artifacts/processed_data/test.csv
        artifacts.split_data.train_path: artifacts/processed_data/train.csv
        base.random_state: 42
        base.test_size: 0.2
    outs:
    - path: artifacts/processed_data/test.csv
      md5: b31a4073fa82bc444fd5683cb5cf7e76
      size: 18832
    - path: artifacts/processed_data/train.csv
      md5: 0196b80fbeb701453fe0052e35635db2
      size: 74914
  train:
    cmd: python src/stage_03_train.py --config=params.yaml
    deps:
    - path: artifacts/processed_data/train.csv
      md5: 0196b80fbeb701453fe0052e35635db2
      size: 74914
    - path: src/stage_03_train.py
      md5: 2c0cc65291c160cc5ccda26ec9cda08e
      size: 1953
    - path: src/utils/common_utils.py
      md5: e05893d4b846dd710b56f85ca3406e17
      size: 1221
    params:
      params.yaml:
        artifacts.split_data.train_path: artifacts/processed_data/train.csv
        base.random_state: 42
        base.target_col: quality
        estimators.ElasticNet.params.alpha: 0.7
        estimators.ElasticNet.params.l1_ratio: 0.4
    outs:
    - path: artifacts/report/params.json
      md5: 1a1eea97e93a98c1c77e2c184dea8763
      size: 44
    - path: artifacts/saved_models/model.joblib
      md5: c0ca8bdf9d2d0ec72e4166e39ed0880a
      size: 798
  evaluate:
    cmd: python src/stage_04_evaluate.py --config=params.yaml
    deps:
    - path: artifacts/processed_data/test.csv
      md5: b31a4073fa82bc444fd5683cb5cf7e76
      size: 18832
    - path: artifacts/saved_models/model.joblib
      md5: c0ca8bdf9d2d0ec72e4166e39ed0880a
      size: 798
    - path: src/stage_04_evaluate.py
      md5: e87241add22ef9e95d5d5b1cfdec1a63
      size: 1642
    - path: src/utils/common_utils.py
      md5: e05893d4b846dd710b56f85ca3406e17
      size: 1221
    params:
      params.yaml:
        artifacts.split_data.test_path: artifacts/processed_data/test.csv
        base.target_col: quality
    outs:
    - path: artifacts/report/scores.json
      md5: fc237cb87efe1f654a10debf0b822c40
      size: 100
