schema: '2.0'
stages:
  load_data:
    cmd: python src/stage_01_load_and_save.py --config=params.yaml
    deps:
    - path: src/stage_01_load_and_save.py
      md5: 5e5b8ff5ec96b60d158a649a9dd8c622
      size: 978
    params:
      params.yaml:
        artifacts.raw_local_data: artifacts/raw_local_data_dir/data.csv
        data_source.s3_source: https://dvc-demo-datasets.s3.ap-south-1.amazonaws.com/winequality_data/winequality-red.csv
    outs:
    - path: artifacts/raw_local_data_dir/data.csv
      md5: 7c92f1ee593c0fbd2ad8c67ba5c446df
      size: 93599
  split_data:
    cmd: python src/stage_02_split_data.py --config=params.yaml
    deps:
    - path: artifacts/raw_local_data_dir/data.csv
      md5: 7c92f1ee593c0fbd2ad8c67ba5c446df
      size: 93599
    - path: src/stage_02_split_data.py
      md5: 089559eebb06e1d6a1d5ffe25eeb1d5d
      size: 1254
    params:
      params.yaml:
        artifacts.raw_local_data: artifacts/raw_local_data_dir/data.csv
        artifacts.split_data.processed_data_dir: artifacts/processed_data
        artifacts.split_data.test_path: artifacts/processed_data/test.csv
        artifacts.split_data.train_path: artifacts/processed_data/train.csv
        base.random_state: 42
        base.test_size: 0.2
    outs:
    - path: artifacts/processed_data/test.csv
      md5: b31a4073fa82bc444fd5683cb5cf7e76
      size: 18832
    - path: artifacts/processed_data/train.csv
      md5: 0196b80fbeb701453fe0052e35635db2
      size: 74914
  train:
    cmd: python src/stage_03_train.py --config=params.yaml
    deps:
    - path: artifacts/processed_data/train.csv
      md5: 0196b80fbeb701453fe0052e35635db2
      size: 74914
    - path: src/stage_03_train.py
      md5: 9643ee212f5bb476873178fdca462cba
      size: 1670
    params:
      params.yaml:
        artifacts.split_data.train_path: artifacts/processed_data/train.csv
        base.random_state: 42
        base.target_col: quality
        estimators.ElasticNet.params.alpha: 0.5
        estimators.ElasticNet.params.l1_ratio: 0.4
    outs:
    - path: artifacts/report/params.json
      md5: 26a0278a22f0e11f402e1ba02a7fbc22
      size: 44
    - path: artifacts/saved_models/model.joblib
      md5: 729b1a5dab19615412eb3f5d34295ef3
      size: 798
